
Microsoft Visual Studio Solution File, Format Version 12.00
# Visual Studio Version 16
VisualStudioVersion = 16.0.30611.23
MinimumVisualStudioVersion = 10.0.40219.1
Project("{FAE04EC0-301F-11D3-BF4B-00C04F79EFBC}") = "BubblesortTimeGUI", "BubblesortTimeGUI.csproj", "{B614E6D2-47E7-4D00-9081-50FA40950AF3}"
EndProject
Global
	GlobalSection(SolutionConfigurationPlatforms) = preSolution
		Debug|Any CPU = Debug|Any CPU
		Release|Any CPU = Release|Any CPU
	EndGlobalSection
	GlobalSection(ProjectConfigurationPlatforms) = postSolution
		{B614E6D2-47E7-4D00-9081-50FA40950AF3}.Debug|Any CPU.ActiveCfg = Debug|Any CPU
		{B614E6D2-47E7-4D00-9081-50FA40950AF3}.Debug|Any CPU.Build.0 = Debug|Any CPU
		{B614E6D2-47E7-4D00-9081-50FA40950AF3}.Release|Any CPU.ActiveCfg = Release|Any CPU
		{B614E6D2-47E7-4D00-9081-50FA40950AF3}.Release|Any CPU.Build.0 = Release|Any CPU
	EndGlobalSection
	GlobalSection(SolutionProperties) = preSolution
		HideSolutionNode = FALSE
	EndGlobalSection
	GlobalSection(ExtensibilityGlobals) = postSolution
		SolutionGuid = {06728F57-527C-45DC-9F27-78DD877E6C61}
	EndGlobalSection
EndGlobal
